
Microsoft Visual Studio Solution File, Format Version 12.00
# Visual Studio Version 17
VisualStudioVersion = 17.7.34031.279
MinimumVisualStudioVersion = 10.0.40219.1
Project("{FAE04EC0-301F-11D3-BF4B-00C04F79EFBC}") = "tablicepostrzepione", "tablicepostrzepione\tablicepostrzepione.csproj", "{34DE50F0-6763-40B5-80E6-707C21C7F306}"
EndProject
Global
	GlobalSection(SolutionConfigurationPlatforms) = preSolution
		Debug|Any CPU = Debug|Any CPU
		Release|Any CPU = Release|Any CPU
	EndGlobalSection
	GlobalSection(ProjectConfigurationPlatforms) = postSolution
		{34DE50F0-6763-40B5-80E6-707C21C7F306}.Debug|Any CPU.ActiveCfg = Debug|Any CPU
		{34DE50F0-6763-40B5-80E6-707C21C7F306}.Debug|Any CPU.Build.0 = Debug|Any CPU
		{34DE50F0-6763-40B5-80E6-707C21C7F306}.Release|Any CPU.ActiveCfg = Release|Any CPU
		{34DE50F0-6763-40B5-80E6-707C21C7F306}.Release|Any CPU.Build.0 = Release|Any CPU
	EndGlobalSection
	GlobalSection(SolutionProperties) = preSolution
		HideSolutionNode = FALSE
	EndGlobalSection
	GlobalSection(ExtensibilityGlobals) = postSolution
		SolutionGuid = {221BBDB6-3FD0-48C8-B773-5667E2E12BEE}
	EndGlobalSection
EndGlobal
